
Microsoft Visual Studio Solution File, Format Version 12.00
# Visual Studio Version 17
VisualStudioVersion = 17.9.34714.143
MinimumVisualStudioVersion = 10.0.40219.1
Project("{FAE04EC0-301F-11D3-BF4B-00C04F79EFBC}") = "OpenAIDemo", "OpenAIDemo.csproj", "{ED7B2D1F-E3A4-45FA-BD5D-C9EF22766925}"
EndProject
Global
	GlobalSection(SolutionConfigurationPlatforms) = preSolution
		Debug|Any CPU = Debug|Any CPU
		Release|Any CPU = Release|Any CPU
	EndGlobalSection
	GlobalSection(ProjectConfigurationPlatforms) = postSolution
		{ED7B2D1F-E3A4-45FA-BD5D-C9EF22766925}.Debug|Any CPU.ActiveCfg = Debug|Any CPU
		{ED7B2D1F-E3A4-45FA-BD5D-C9EF22766925}.Debug|Any CPU.Build.0 = Debug|Any CPU
		{ED7B2D1F-E3A4-45FA-BD5D-C9EF22766925}.Release|Any CPU.ActiveCfg = Release|Any CPU
		{ED7B2D1F-E3A4-45FA-BD5D-C9EF22766925}.Release|Any CPU.Build.0 = Release|Any CPU
	EndGlobalSection
	GlobalSection(SolutionProperties) = preSolution
		HideSolutionNode = FALSE
	EndGlobalSection
	GlobalSection(ExtensibilityGlobals) = postSolution
		SolutionGuid = {EF7C8316-91B2-493F-93FE-B36C3FF4C0E7}
	EndGlobalSection
EndGlobal
